version: 6
environments:
  default:
    channels:
    - url: https://conda.anaconda.org/conda-forge/
    packages:
      osx-arm64:
      - conda: https://conda.anaconda.org/conda-forge/osx-arm64/libcxx-21.1.2-hf598326_0.conda
      - conda: https://conda.anaconda.org/conda-forge/osx-arm64/ollama-0.12.2-cpu_h19ea9b3_0.conda
packages:
- conda: https://conda.anaconda.org/conda-forge/osx-arm64/libcxx-21.1.2-hf598326_0.conda
  sha256: 3de00998c8271f599d6ed9aea60dc0b3e5b1b7ff9f26f8eac95f86f135aa9beb
  md5: edfa256c5391f789384e470ce5c9f340
  depends:
  - __osx >=11.0
  license: Apache-2.0 WITH LLVM-exception
  license_family: Apache
  size: 568154
  timestamp: 1758698306949
- conda: https://conda.anaconda.org/conda-forge/osx-arm64/ollama-0.12.2-cpu_h19ea9b3_0.conda
  sha256: 145e44a63943aaf243413b2e40c2807a8b39d9a48efbd3cf98583d121dd1392c
  md5: 6e2ce1a8ee58dd8f84b828c1e17a8bde
  depends:
  - libcxx >=19
  - __osx >=11.0
  license: MIT
  license_family: MIT
  size: 9354381
  timestamp: 1758777291992
